
Microsoft Visual Studio Solution File, Format Version 12.00
# Visual Studio Version 16
VisualStudioVersion = 16.0.30413.136
MinimumVisualStudioVersion = 10.0.40219.1
Project("{FAE04EC0-301F-11D3-BF4B-00C04F79EFBC}") = "EvidenceBěhání", "EvidenceBěhání\EvidenceBěhání.csproj", "{A2151D10-91D3-49A7-A82C-74037026520E}"
EndProject
Global
	GlobalSection(SolutionConfigurationPlatforms) = preSolution
		Debug|Any CPU = Debug|Any CPU
		Release|Any CPU = Release|Any CPU
	EndGlobalSection
	GlobalSection(ProjectConfigurationPlatforms) = postSolution
		{A2151D10-91D3-49A7-A82C-74037026520E}.Debug|Any CPU.ActiveCfg = Debug|Any CPU
		{A2151D10-91D3-49A7-A82C-74037026520E}.Debug|Any CPU.Build.0 = Debug|Any CPU
		{A2151D10-91D3-49A7-A82C-74037026520E}.Release|Any CPU.ActiveCfg = Release|Any CPU
		{A2151D10-91D3-49A7-A82C-74037026520E}.Release|Any CPU.Build.0 = Release|Any CPU
	EndGlobalSection
	GlobalSection(SolutionProperties) = preSolution
		HideSolutionNode = FALSE
	EndGlobalSection
	GlobalSection(ExtensibilityGlobals) = postSolution
		SolutionGuid = {958DEE20-CB56-49A2-AE7F-A14CF095F8A0}
	EndGlobalSection
EndGlobal
